// !$*UTF8*$!
{
	archiveVersion = 1;
	classes = {
	};
	objectVersion = 46;
	objects = {

/* Begin PBXBuildFile section */
		B229EE551C01B76D006DFE13 /* LogInViewController.swift in Sources */ = {isa = PBXBuildFile; fileRef = B229EE541C01B76D006DFE13 /* LogInViewController.swift */; };
		B229EE571C01BD35006DFE13 /* Config.swift in Sources */ = {isa = PBXBuildFile; fileRef = B229EE561C01BD35006DFE13 /* Config.swift */; };
		B229EE591C023765006DFE13 /* RSVPListTableViewController.swift in Sources */ = {isa = PBXBuildFile; fileRef = B229EE581C023765006DFE13 /* RSVPListTableViewController.swift */; };
		B232C22B1BF1BE7A007DD2B0 /* README in Resources */ = {isa = PBXBuildFile; fileRef = B232C22A1BF1BE7A007DD2B0 /* README */; };
		B23D4A141BEFFE0E00496737 /* CategoryTableViewController.swift in Sources */ = {isa = PBXBuildFile; fileRef = B23D4A131BEFFE0E00496737 /* CategoryTableViewController.swift */; };
		B23D4A161BF0020F00496737 /* EventsOfCategoryTableViewController.swift in Sources */ = {isa = PBXBuildFile; fileRef = B23D4A151BF0020F00496737 /* EventsOfCategoryTableViewController.swift */; };
		B23D4A181BF0066600496737 /* AddNewCategoryViewController.swift in Sources */ = {isa = PBXBuildFile; fileRef = B23D4A171BF0066600496737 /* AddNewCategoryViewController.swift */; };
		B23D64C61BEAFDB300AF5D51 /* Event+CoreDataProperties.swift in Sources */ = {isa = PBXBuildFile; fileRef = B23D64C41BEAFDB300AF5D51 /* Event+CoreDataProperties.swift */; };
		B23D64C71BEAFDB300AF5D51 /* Event.swift in Sources */ = {isa = PBXBuildFile; fileRef = B23D64C51BEAFDB300AF5D51 /* Event.swift */; };
		B23D64C91BEAFEAF00AF5D51 /* StoreCoreDataProtocol.swift in Sources */ = {isa = PBXBuildFile; fileRef = B23D64C81BEAFEAF00AF5D51 /* StoreCoreDataProtocol.swift */; };
		B23D64CF1BEB75AC00AF5D51 /* EventDetailViewController.swift in Sources */ = {isa = PBXBuildFile; fileRef = B23D64CE1BEB75AC00AF5D51 /* EventDetailViewController.swift */; };
		B24717081BE9BAC2001D3F07 /* AppDelegate.swift in Sources */ = {isa = PBXBuildFile; fileRef = B24717071BE9BAC2001D3F07 /* AppDelegate.swift */; };
		B247170D1BE9BAC2001D3F07 /* Main.storyboard in Resources */ = {isa = PBXBuildFile; fileRef = B247170B1BE9BAC2001D3F07 /* Main.storyboard */; };
		B24717101BE9BAC2001D3F07 /* project.xcdatamodeld in Sources */ = {isa = PBXBuildFile; fileRef = B247170E1BE9BAC2001D3F07 /* project.xcdatamodeld */; };
		B24717121BE9BAC2001D3F07 /* Assets.xcassets in Resources */ = {isa = PBXBuildFile; fileRef = B24717111BE9BAC2001D3F07 /* Assets.xcassets */; };
		B24717151BE9BAC2001D3F07 /* LaunchScreen.storyboard in Resources */ = {isa = PBXBuildFile; fileRef = B24717131BE9BAC2001D3F07 /* LaunchScreen.storyboard */; };
		B247171D1BE9BDA9001D3F07 /* MainTabBarController.swift in Sources */ = {isa = PBXBuildFile; fileRef = B247171C1BE9BDA9001D3F07 /* MainTabBarController.swift */; };
		B247171F1BE9C0B7001D3F07 /* EventTableViewController.swift in Sources */ = {isa = PBXBuildFile; fileRef = B247171E1BE9C0B7001D3F07 /* EventTableViewController.swift */; };
		B24717281BE9C393001D3F07 /* Host+CoreDataProperties.swift in Sources */ = {isa = PBXBuildFile; fileRef = B24717221BE9C393001D3F07 /* Host+CoreDataProperties.swift */; };
		B24717291BE9C393001D3F07 /* Host.swift in Sources */ = {isa = PBXBuildFile; fileRef = B24717231BE9C393001D3F07 /* Host.swift */; };
		B247172A1BE9C393001D3F07 /* Category+CoreDataProperties.swift in Sources */ = {isa = PBXBuildFile; fileRef = B24717241BE9C393001D3F07 /* Category+CoreDataProperties.swift */; };
		B247172B1BE9C393001D3F07 /* Category.swift in Sources */ = {isa = PBXBuildFile; fileRef = B24717251BE9C393001D3F07 /* Category.swift */; };
		B247172E1BE9D623001D3F07 /* AddNewEventViewController.swift in Sources */ = {isa = PBXBuildFile; fileRef = B247172D1BE9D623001D3F07 /* AddNewEventViewController.swift */; };
		B28D0CD21C02B61F007FFFA1 /* TableViewController.swift in Sources */ = {isa = PBXBuildFile; fileRef = B28D0CD11C02B61F007FFFA1 /* TableViewController.swift */; };
		B2B034881BEFB10F001B04C5 /* HostTableViewController.swift in Sources */ = {isa = PBXBuildFile; fileRef = B2B034871BEFB10F001B04C5 /* HostTableViewController.swift */; };
		B2D5E5F51BEFB3D200428843 /* AddNewHostViewController.swift in Sources */ = {isa = PBXBuildFile; fileRef = B2D5E5F41BEFB3D200428843 /* AddNewHostViewController.swift */; };
		B2D5E5F71BEFC06E00428843 /* HostDetailViewController.swift in Sources */ = {isa = PBXBuildFile; fileRef = B2D5E5F61BEFC06E00428843 /* HostDetailViewController.swift */; };
		B2D5E5F91BEFC28100428843 /* EventsOfHostTableViewController.swift in Sources */ = {isa = PBXBuildFile; fileRef = B2D5E5F81BEFC28100428843 /* EventsOfHostTableViewController.swift */; };
		CDADE2D41C00DCB800D90479 /* Bolts.framework in Frameworks */ = {isa = PBXBuildFile; fileRef = CDADE2CE1C00DCB800D90479 /* Bolts.framework */; };
		CDADE2D51C00DCB800D90479 /* Parse.framework in Frameworks */ = {isa = PBXBuildFile; fileRef = CDADE2CF1C00DCB800D90479 /* Parse.framework */; };
		CDADE2D61C00DCB800D90479 /* ParseFacebookUtils.framework in Frameworks */ = {isa = PBXBuildFile; fileRef = CDADE2D01C00DCB800D90479 /* ParseFacebookUtils.framework */; };
		CDADE2D71C00DCB800D90479 /* ParseFacebookUtilsV4.framework in Frameworks */ = {isa = PBXBuildFile; fileRef = CDADE2D11C00DCB800D90479 /* ParseFacebookUtilsV4.framework */; };
		CDADE2D81C00DCB800D90479 /* ParseTwitterUtils.framework in Frameworks */ = {isa = PBXBuildFile; fileRef = CDADE2D21C00DCB800D90479 /* ParseTwitterUtils.framework */; };
		CDADE2D91C00DCB800D90479 /* ParseUI.framework in Frameworks */ = {isa = PBXBuildFile; fileRef = CDADE2D31C00DCB800D90479 /* ParseUI.framework */; };
		CDADE2DB1C00DD1D00D90479 /* AudioToolbox.framework in Frameworks */ = {isa = PBXBuildFile; fileRef = CDADE2DA1C00DD1D00D90479 /* AudioToolbox.framework */; };
		CDADE2DD1C00DD2700D90479 /* CFNetwork.framework in Frameworks */ = {isa = PBXBuildFile; fileRef = CDADE2DC1C00DD2700D90479 /* CFNetwork.framework */; };
		CDADE2DF1C00DD3100D90479 /* CoreGraphics.framework in Frameworks */ = {isa = PBXBuildFile; fileRef = CDADE2DE1C00DD3100D90479 /* CoreGraphics.framework */; };
		CDADE2E11C00DD4000D90479 /* CoreLocation.framework in Frameworks */ = {isa = PBXBuildFile; fileRef = CDADE2E01C00DD4000D90479 /* CoreLocation.framework */; };
		CDADE2E31C00DD4500D90479 /* QuartzCore.framework in Frameworks */ = {isa = PBXBuildFile; fileRef = CDADE2E21C00DD4500D90479 /* QuartzCore.framework */; };
		CDADE2E51C00DD4E00D90479 /* Security.framework in Frameworks */ = {isa = PBXBuildFile; fileRef = CDADE2E41C00DD4E00D90479 /* Security.framework */; };
		CDADE2E71C00DD5100D90479 /* StoreKit.framework in Frameworks */ = {isa = PBXBuildFile; fileRef = CDADE2E61C00DD5100D90479 /* StoreKit.framework */; };
		CDADE2E91C00DD5B00D90479 /* SystemConfiguration.framework in Frameworks */ = {isa = PBXBuildFile; fileRef = CDADE2E81C00DD5B00D90479 /* SystemConfiguration.framework */; };
		CDADE2EB1C00DD6700D90479 /* libz.tbd in Frameworks */ = {isa = PBXBuildFile; fileRef = CDADE2EA1C00DD6700D90479 /* libz.tbd */; };
		CDADE2ED1C00DD7300D90479 /* libsqlite3.tbd in Frameworks */ = {isa = PBXBuildFile; fileRef = CDADE2EC1C00DD7300D90479 /* libsqlite3.tbd */; };
/* End PBXBuildFile section */

/* Begin PBXFileReference section */
		B229EE541C01B76D006DFE13 /* LogInViewController.swift */ = {isa = PBXFileReference; fileEncoding = 4; lastKnownFileType = sourcecode.swift; path = LogInViewController.swift; sourceTree = "<group>"; };
		B229EE561C01BD35006DFE13 /* Config.swift */ = {isa = PBXFileReference; fileEncoding = 4; lastKnownFileType = sourcecode.swift; path = Config.swift; sourceTree = "<group>"; };
		B229EE581C023765006DFE13 /* RSVPListTableViewController.swift */ = {isa = PBXFileReference; fileEncoding = 4; lastKnownFileType = sourcecode.swift; path = RSVPListTableViewController.swift; sourceTree = "<group>"; };
		B232C22A1BF1BE7A007DD2B0 /* README */ = {isa = PBXFileReference; fileEncoding = 4; lastKnownFileType = text; path = README; sourceTree = "<group>"; };
		B23D4A131BEFFE0E00496737 /* CategoryTableViewController.swift */ = {isa = PBXFileReference; fileEncoding = 4; lastKnownFileType = sourcecode.swift; path = CategoryTableViewController.swift; sourceTree = "<group>"; };
		B23D4A151BF0020F00496737 /* EventsOfCategoryTableViewController.swift */ = {isa = PBXFileReference; fileEncoding = 4; lastKnownFileType = sourcecode.swift; path = EventsOfCategoryTableViewController.swift; sourceTree = "<group>"; };
		B23D4A171BF0066600496737 /* AddNewCategoryViewController.swift */ = {isa = PBXFileReference; fileEncoding = 4; lastKnownFileType = sourcecode.swift; path = AddNewCategoryViewController.swift; sourceTree = "<group>"; };
		B23D64C41BEAFDB300AF5D51 /* Event+CoreDataProperties.swift */ = {isa = PBXFileReference; fileEncoding = 4; lastKnownFileType = sourcecode.swift; name = "Event+CoreDataProperties.swift"; path = "../Event+CoreDataProperties.swift"; sourceTree = "<group>"; };
		B23D64C51BEAFDB300AF5D51 /* Event.swift */ = {isa = PBXFileReference; fileEncoding = 4; lastKnownFileType = sourcecode.swift; name = Event.swift; path = ../Event.swift; sourceTree = "<group>"; };
		B23D64C81BEAFEAF00AF5D51 /* StoreCoreDataProtocol.swift */ = {isa = PBXFileReference; fileEncoding = 4; lastKnownFileType = sourcecode.swift; path = StoreCoreDataProtocol.swift; sourceTree = "<group>"; };
		B23D64CE1BEB75AC00AF5D51 /* EventDetailViewController.swift */ = {isa = PBXFileReference; fileEncoding = 4; lastKnownFileType = sourcecode.swift; path = EventDetailViewController.swift; sourceTree = "<group>"; };
		B24717041BE9BAC2001D3F07 /* project.app */ = {isa = PBXFileReference; explicitFileType = wrapper.application; includeInIndex = 0; path = project.app; sourceTree = BUILT_PRODUCTS_DIR; };
		B24717071BE9BAC2001D3F07 /* AppDelegate.swift */ = {isa = PBXFileReference; lastKnownFileType = sourcecode.swift; path = AppDelegate.swift; sourceTree = "<group>"; };
		B247170C1BE9BAC2001D3F07 /* Base */ = {isa = PBXFileReference; lastKnownFileType = file.storyboard; name = Base; path = Base.lproj/Main.storyboard; sourceTree = "<group>"; };
		B247170F1BE9BAC2001D3F07 /* project.xcdatamodel */ = {isa = PBXFileReference; lastKnownFileType = wrapper.xcdatamodel; path = project.xcdatamodel; sourceTree = "<group>"; };
		B24717111BE9BAC2001D3F07 /* Assets.xcassets */ = {isa = PBXFileReference; lastKnownFileType = folder.assetcatalog; path = Assets.xcassets; sourceTree = "<group>"; };
		B24717141BE9BAC2001D3F07 /* Base */ = {isa = PBXFileReference; lastKnownFileType = file.storyboard; name = Base; path = Base.lproj/LaunchScreen.storyboard; sourceTree = "<group>"; };
		B24717161BE9BAC2001D3F07 /* Info.plist */ = {isa = PBXFileReference; lastKnownFileType = text.plist.xml; path = Info.plist; sourceTree = "<group>"; };
		B247171C1BE9BDA9001D3F07 /* MainTabBarController.swift */ = {isa = PBXFileReference; fileEncoding = 4; lastKnownFileType = sourcecode.swift; path = MainTabBarController.swift; sourceTree = "<group>"; };
		B247171E1BE9C0B7001D3F07 /* EventTableViewController.swift */ = {isa = PBXFileReference; fileEncoding = 4; lastKnownFileType = sourcecode.swift; path = EventTableViewController.swift; sourceTree = "<group>"; };
		B24717221BE9C393001D3F07 /* Host+CoreDataProperties.swift */ = {isa = PBXFileReference; fileEncoding = 4; lastKnownFileType = sourcecode.swift; name = "Host+CoreDataProperties.swift"; path = "../Host+CoreDataProperties.swift"; sourceTree = "<group>"; };
		B24717231BE9C393001D3F07 /* Host.swift */ = {isa = PBXFileReference; fileEncoding = 4; lastKnownFileType = sourcecode.swift; name = Host.swift; path = ../Host.swift; sourceTree = "<group>"; };
		B24717241BE9C393001D3F07 /* Category+CoreDataProperties.swift */ = {isa = PBXFileReference; fileEncoding = 4; lastKnownFileType = sourcecode.swift; name = "Category+CoreDataProperties.swift"; path = "../Category+CoreDataProperties.swift"; sourceTree = "<group>"; };
		B24717251BE9C393001D3F07 /* Category.swift */ = {isa = PBXFileReference; fileEncoding = 4; lastKnownFileType = sourcecode.swift; name = Category.swift; path = ../Category.swift; sourceTree = "<group>"; };
		B247172D1BE9D623001D3F07 /* AddNewEventViewController.swift */ = {isa = PBXFileReference; fileEncoding = 4; lastKnownFileType = sourcecode.swift; path = AddNewEventViewController.swift; sourceTree = "<group>"; };
		B28D0CD11C02B61F007FFFA1 /* TableViewController.swift */ = {isa = PBXFileReference; fileEncoding = 4; lastKnownFileType = sourcecode.swift; path = TableViewController.swift; sourceTree = "<group>"; };
		B2B034871BEFB10F001B04C5 /* HostTableViewController.swift */ = {isa = PBXFileReference; fileEncoding = 4; lastKnownFileType = sourcecode.swift; path = HostTableViewController.swift; sourceTree = "<group>"; };
		B2D5E5F41BEFB3D200428843 /* AddNewHostViewController.swift */ = {isa = PBXFileReference; fileEncoding = 4; lastKnownFileType = sourcecode.swift; path = AddNewHostViewController.swift; sourceTree = "<group>"; };
		B2D5E5F61BEFC06E00428843 /* HostDetailViewController.swift */ = {isa = PBXFileReference; fileEncoding = 4; lastKnownFileType = sourcecode.swift; path = HostDetailViewController.swift; sourceTree = "<group>"; };
		B2D5E5F81BEFC28100428843 /* EventsOfHostTableViewController.swift */ = {isa = PBXFileReference; fileEncoding = 4; lastKnownFileType = sourcecode.swift; path = EventsOfHostTableViewController.swift; sourceTree = "<group>"; };
		CDADE2CE1C00DCB800D90479 /* Bolts.framework */ = {isa = PBXFileReference; lastKnownFileType = wrapper.framework; path = Bolts.framework; sourceTree = "<group>"; };
		CDADE2CF1C00DCB800D90479 /* Parse.framework */ = {isa = PBXFileReference; lastKnownFileType = wrapper.framework; path = Parse.framework; sourceTree = "<group>"; };
		CDADE2D01C00DCB800D90479 /* ParseFacebookUtils.framework */ = {isa = PBXFileReference; lastKnownFileType = wrapper.framework; path = ParseFacebookUtils.framework; sourceTree = "<group>"; };
		CDADE2D11C00DCB800D90479 /* ParseFacebookUtilsV4.framework */ = {isa = PBXFileReference; lastKnownFileType = wrapper.framework; path = ParseFacebookUtilsV4.framework; sourceTree = "<group>"; };
		CDADE2D21C00DCB800D90479 /* ParseTwitterUtils.framework */ = {isa = PBXFileReference; lastKnownFileType = wrapper.framework; path = ParseTwitterUtils.framework; sourceTree = "<group>"; };
		CDADE2D31C00DCB800D90479 /* ParseUI.framework */ = {isa = PBXFileReference; lastKnownFileType = wrapper.framework; path = ParseUI.framework; sourceTree = "<group>"; };
		CDADE2DA1C00DD1D00D90479 /* AudioToolbox.framework */ = {isa = PBXFileReference; lastKnownFileType = wrapper.framework; name = AudioToolbox.framework; path = System/Library/Frameworks/AudioToolbox.framework; sourceTree = SDKROOT; };
		CDADE2DC1C00DD2700D90479 /* CFNetwork.framework */ = {isa = PBXFileReference; lastKnownFileType = wrapper.framework; name = CFNetwork.framework; path = System/Library/Frameworks/CFNetwork.framework; sourceTree = SDKROOT; };
		CDADE2DE1C00DD3100D90479 /* CoreGraphics.framework */ = {isa = PBXFileReference; lastKnownFileType = wrapper.framework; name = CoreGraphics.framework; path = System/Library/Frameworks/CoreGraphics.framework; sourceTree = SDKROOT; };
		CDADE2E01C00DD4000D90479 /* CoreLocation.framework */ = {isa = PBXFileReference; lastKnownFileType = wrapper.framework; name = CoreLocation.framework; path = System/Library/Frameworks/CoreLocation.framework; sourceTree = SDKROOT; };
		CDADE2E21C00DD4500D90479 /* QuartzCore.framework */ = {isa = PBXFileReference; lastKnownFileType = wrapper.framework; name = QuartzCore.framework; path = System/Library/Frameworks/QuartzCore.framework; sourceTree = SDKROOT; };
		CDADE2E41C00DD4E00D90479 /* Security.framework */ = {isa = PBXFileReference; lastKnownFileType = wrapper.framework; name = Security.framework; path = System/Library/Frameworks/Security.framework; sourceTree = SDKROOT; };
		CDADE2E61C00DD5100D90479 /* StoreKit.framework */ = {isa = PBXFileReference; lastKnownFileType = wrapper.framework; name = StoreKit.framework; path = System/Library/Frameworks/StoreKit.framework; sourceTree = SDKROOT; };
		CDADE2E81C00DD5B00D90479 /* SystemConfiguration.framework */ = {isa = PBXFileReference; lastKnownFileType = wrapper.framework; name = SystemConfiguration.framework; path = System/Library/Frameworks/SystemConfiguration.framework; sourceTree = SDKROOT; };
		CDADE2EA1C00DD6700D90479 /* libz.tbd */ = {isa = PBXFileReference; lastKnownFileType = "sourcecode.text-based-dylib-definition"; name = libz.tbd; path = usr/lib/libz.tbd; sourceTree = SDKROOT; };
		CDADE2EC1C00DD7300D90479 /* libsqlite3.tbd */ = {isa = PBXFileReference; lastKnownFileType = "sourcecode.text-based-dylib-definition"; name = libsqlite3.tbd; path = usr/lib/libsqlite3.tbd; sourceTree = SDKROOT; };
/* End PBXFileReference section */

/* Begin PBXFrameworksBuildPhase section */
		B24717011BE9BAC2001D3F07 /* Frameworks */ = {
			isa = PBXFrameworksBuildPhase;
			buildActionMask = 2147483647;
			files = (
				CDADE2ED1C00DD7300D90479 /* libsqlite3.tbd in Frameworks */,
				CDADE2EB1C00DD6700D90479 /* libz.tbd in Frameworks */,
				CDADE2E91C00DD5B00D90479 /* SystemConfiguration.framework in Frameworks */,
				CDADE2E71C00DD5100D90479 /* StoreKit.framework in Frameworks */,
				CDADE2E51C00DD4E00D90479 /* Security.framework in Frameworks */,
				CDADE2E31C00DD4500D90479 /* QuartzCore.framework in Frameworks */,
				CDADE2E11C00DD4000D90479 /* CoreLocation.framework in Frameworks */,
				CDADE2DF1C00DD3100D90479 /* CoreGraphics.framework in Frameworks */,
				CDADE2DD1C00DD2700D90479 /* CFNetwork.framework in Frameworks */,
				CDADE2DB1C00DD1D00D90479 /* AudioToolbox.framework in Frameworks */,
				CDADE2D91C00DCB800D90479 /* ParseUI.framework in Frameworks */,
				CDADE2D51C00DCB800D90479 /* Parse.framework in Frameworks */,
				CDADE2D41C00DCB800D90479 /* Bolts.framework in Frameworks */,
				CDADE2D71C00DCB800D90479 /* ParseFacebookUtilsV4.framework in Frameworks */,
				CDADE2D61C00DCB800D90479 /* ParseFacebookUtils.framework in Frameworks */,
				CDADE2D81C00DCB800D90479 /* ParseTwitterUtils.framework in Frameworks */,
			);
			runOnlyForDeploymentPostprocessing = 0;
		};
/* End PBXFrameworksBuildPhase section */

/* Begin PBXGroup section */
		B24716FB1BE9BAC2001D3F07 = {
			isa = PBXGroup;
			children = (
				B28D0CD11C02B61F007FFFA1 /* TableViewController.swift */,
				CDADE2EC1C00DD7300D90479 /* libsqlite3.tbd */,
				CDADE2EA1C00DD6700D90479 /* libz.tbd */,
				CDADE2E81C00DD5B00D90479 /* SystemConfiguration.framework */,
				CDADE2E61C00DD5100D90479 /* StoreKit.framework */,
				CDADE2E41C00DD4E00D90479 /* Security.framework */,
				CDADE2E21C00DD4500D90479 /* QuartzCore.framework */,
				CDADE2E01C00DD4000D90479 /* CoreLocation.framework */,
				CDADE2DE1C00DD3100D90479 /* CoreGraphics.framework */,
				CDADE2DC1C00DD2700D90479 /* CFNetwork.framework */,
				CDADE2DA1C00DD1D00D90479 /* AudioToolbox.framework */,
				B232C22A1BF1BE7A007DD2B0 /* README */,
				B24717061BE9BAC2001D3F07 /* project */,
				B24717051BE9BAC2001D3F07 /* Products */,
			);
			sourceTree = "<group>";
		};
		B24717051BE9BAC2001D3F07 /* Products */ = {
			isa = PBXGroup;
			children = (
				B24717041BE9BAC2001D3F07 /* project.app */,
			);
			name = Products;
			sourceTree = "<group>";
		};
		B24717061BE9BAC2001D3F07 /* project */ = {
			isa = PBXGroup;
			children = (
				CDADE2CD1C00DCB800D90479 /* parse-library-1 */,
				B247172C1BE9C3A2001D3F07 /* CoreData */,
				B24717071BE9BAC2001D3F07 /* AppDelegate.swift */,
				B247170B1BE9BAC2001D3F07 /* Main.storyboard */,
				B247171C1BE9BDA9001D3F07 /* MainTabBarController.swift */,
				B229EE581C023765006DFE13 /* RSVPListTableViewController.swift */,
				B247171E1BE9C0B7001D3F07 /* EventTableViewController.swift */,
				B229EE541C01B76D006DFE13 /* LogInViewController.swift */,
				B247172D1BE9D623001D3F07 /* AddNewEventViewController.swift */,
				B23D64CE1BEB75AC00AF5D51 /* EventDetailViewController.swift */,
				B2B034871BEFB10F001B04C5 /* HostTableViewController.swift */,
				B2D5E5F41BEFB3D200428843 /* AddNewHostViewController.swift */,
				B2D5E5F61BEFC06E00428843 /* HostDetailViewController.swift */,
				B2D5E5F81BEFC28100428843 /* EventsOfHostTableViewController.swift */,
				B23D4A131BEFFE0E00496737 /* CategoryTableViewController.swift */,
				B23D4A151BF0020F00496737 /* EventsOfCategoryTableViewController.swift */,
				B23D4A171BF0066600496737 /* AddNewCategoryViewController.swift */,
				B24717111BE9BAC2001D3F07 /* Assets.xcassets */,
				B24717131BE9BAC2001D3F07 /* LaunchScreen.storyboard */,
				B24717161BE9BAC2001D3F07 /* Info.plist */,
				B247170E1BE9BAC2001D3F07 /* project.xcdatamodeld */,
				B23D64C81BEAFEAF00AF5D51 /* StoreCoreDataProtocol.swift */,
				B229EE561C01BD35006DFE13 /* Config.swift */,
			);
			path = project;
			sourceTree = "<group>";
		};
		B247172C1BE9C3A2001D3F07 /* CoreData */ = {
			isa = PBXGroup;
			children = (
				B23D64C41BEAFDB300AF5D51 /* Event+CoreDataProperties.swift */,
				B23D64C51BEAFDB300AF5D51 /* Event.swift */,
				B24717221BE9C393001D3F07 /* Host+CoreDataProperties.swift */,
				B24717231BE9C393001D3F07 /* Host.swift */,
				B24717241BE9C393001D3F07 /* Category+CoreDataProperties.swift */,
				B24717251BE9C393001D3F07 /* Category.swift */,
			);
			name = CoreData;
			sourceTree = "<group>";
		};
		CDADE2CD1C00DCB800D90479 /* parse-library-1 */ = {
			isa = PBXGroup;
			children = (
				CDADE2CE1C00DCB800D90479 /* Bolts.framework */,
				CDADE2CF1C00DCB800D90479 /* Parse.framework */,
				CDADE2D01C00DCB800D90479 /* ParseFacebookUtils.framework */,
				CDADE2D11C00DCB800D90479 /* ParseFacebookUtilsV4.framework */,
				CDADE2D21C00DCB800D90479 /* ParseTwitterUtils.framework */,
				CDADE2D31C00DCB800D90479 /* ParseUI.framework */,
			);
			path = "parse-library-1";
			sourceTree = "<group>";
		};
/* End PBXGroup section */

/* Begin PBXNativeTarget section */
		B24717031BE9BAC2001D3F07 /* project */ = {
			isa = PBXNativeTarget;
			buildConfigurationList = B24717191BE9BAC2001D3F07 /* Build configuration list for PBXNativeTarget "project" */;
			buildPhases = (
				B24717001BE9BAC2001D3F07 /* Sources */,
				B24717011BE9BAC2001D3F07 /* Frameworks */,
				B24717021BE9BAC2001D3F07 /* Resources */,
			);
			buildRules = (
			);
			dependencies = (
			);
			name = project;
			productName = project;
			productReference = B24717041BE9BAC2001D3F07 /* project.app */;
			productType = "com.apple.product-type.application";
		};
/* End PBXNativeTarget section */

/* Begin PBXProject section */
		B24716FC1BE9BAC2001D3F07 /* Project object */ = {
			isa = PBXProject;
			attributes = {
				LastSwiftUpdateCheck = 0710;
				LastUpgradeCheck = 0710;
				ORGANIZATIONNAME = thanhcs;
				TargetAttributes = {
					B24717031BE9BAC2001D3F07 = {
						CreatedOnToolsVersion = 7.1;
					};
				};
			};
			buildConfigurationList = B24716FF1BE9BAC2001D3F07 /* Build configuration list for PBXProject "project" */;
			compatibilityVersion = "Xcode 3.2";
			developmentRegion = English;
			hasScannedForEncodings = 0;
			knownRegions = (
				en,
				Base,
			);
			mainGroup = B24716FB1BE9BAC2001D3F07;
			productRefGroup = B24717051BE9BAC2001D3F07 /* Products */;
			projectDirPath = "";
			projectRoot = "";
			targets = (
				B24717031BE9BAC2001D3F07 /* project */,
			);
		};
/* End PBXProject section */

/* Begin PBXResourcesBuildPhase section */
		B24717021BE9BAC2001D3F07 /* Resources */ = {
			isa = PBXResourcesBuildPhase;
			buildActionMask = 2147483647;
			files = (
				B232C22B1BF1BE7A007DD2B0 /* README in Resources */,
				B24717151BE9BAC2001D3F07 /* LaunchScreen.storyboard in Resources */,
				B24717121BE9BAC2001D3F07 /* Assets.xcassets in Resources */,
				B247170D1BE9BAC2001D3F07 /* Main.storyboard in Resources */,
			);
			runOnlyForDeploymentPostprocessing = 0;
		};
/* End PBXResourcesBuildPhase section */

/* Begin PBXSourcesBuildPhase section */
		B24717001BE9BAC2001D3F07 /* Sources */ = {
			isa = PBXSourcesBuildPhase;
			buildActionMask = 2147483647;
			files = (
				B229EE591C023765006DFE13 /* RSVPListTableViewController.swift in Sources */,
				B23D64C61BEAFDB300AF5D51 /* Event+CoreDataProperties.swift in Sources */,
				B23D64C71BEAFDB300AF5D51 /* Event.swift in Sources */,
				B2D5E5F91BEFC28100428843 /* EventsOfHostTableViewController.swift in Sources */,
				B247172B1BE9C393001D3F07 /* Category.swift in Sources */,
				B247172A1BE9C393001D3F07 /* Category+CoreDataProperties.swift in Sources */,
				B23D4A181BF0066600496737 /* AddNewCategoryViewController.swift in Sources */,
				B23D4A141BEFFE0E00496737 /* CategoryTableViewController.swift in Sources */,
				B23D64C91BEAFEAF00AF5D51 /* StoreCoreDataProtocol.swift in Sources */,
				B23D4A161BF0020F00496737 /* EventsOfCategoryTableViewController.swift in Sources */,
				B2D5E5F51BEFB3D200428843 /* AddNewHostViewController.swift in Sources */,
				B24717101BE9BAC2001D3F07 /* project.xcdatamodeld in Sources */,
				B247172E1BE9D623001D3F07 /* AddNewEventViewController.swift in Sources */,
				B24717081BE9BAC2001D3F07 /* AppDelegate.swift in Sources */,
				B2D5E5F71BEFC06E00428843 /* HostDetailViewController.swift in Sources */,
				B24717291BE9C393001D3F07 /* Host.swift in Sources */,
				B229EE571C01BD35006DFE13 /* Config.swift in Sources */,
				B2B034881BEFB10F001B04C5 /* HostTableViewController.swift in Sources */,
				B24717281BE9C393001D3F07 /* Host+CoreDataProperties.swift in Sources */,
				B28D0CD21C02B61F007FFFA1 /* TableViewController.swift in Sources */,
				B229EE551C01B76D006DFE13 /* LogInViewController.swift in Sources */,
				B247171F1BE9C0B7001D3F07 /* EventTableViewController.swift in Sources */,
				B23D64CF1BEB75AC00AF5D51 /* EventDetailViewController.swift in Sources */,
				B247171D1BE9BDA9001D3F07 /* MainTabBarController.swift in Sources */,
			);
			runOnlyForDeploymentPostprocessing = 0;
		};
/* End PBXSourcesBuildPhase section */

/* Begin PBXVariantGroup section */
		B247170B1BE9BAC2001D3F07 /* Main.storyboard */ = {
			isa = PBXVariantGroup;
			children = (
				B247170C1BE9BAC2001D3F07 /* Base */,
			);
			name = Main.storyboard;
			sourceTree = "<group>";
		};
		B24717131BE9BAC2001D3F07 /* LaunchScreen.storyboard */ = {
			isa = PBXVariantGroup;
			children = (
				B24717141BE9BAC2001D3F07 /* Base */,
			);
			name = LaunchScreen.storyboard;
			sourceTree = "<group>";
		};
/* End PBXVariantGroup section */

/* Begin XCBuildConfiguration section */
		B24717171BE9BAC2001D3F07 /* Debug */ = {
			isa = XCBuildConfiguration;
			buildSettings = {
				ALWAYS_SEARCH_USER_PATHS = NO;
				CLANG_CXX_LANGUAGE_STANDARD = "gnu++0x";
				CLANG_CXX_LIBRARY = "libc++";
				CLANG_ENABLE_MODULES = YES;
				CLANG_ENABLE_OBJC_ARC = YES;
				CLANG_WARN_BOOL_CONVERSION = YES;
				CLANG_WARN_CONSTANT_CONVERSION = YES;
				CLANG_WARN_DIRECT_OBJC_ISA_USAGE = YES_ERROR;
				CLANG_WARN_EMPTY_BODY = YES;
				CLANG_WARN_ENUM_CONVERSION = YES;
				CLANG_WARN_INT_CONVERSION = YES;
				CLANG_WARN_OBJC_ROOT_CLASS = YES_ERROR;
				CLANG_WARN_UNREACHABLE_CODE = YES;
				CLANG_WARN__DUPLICATE_METHOD_MATCH = YES;
				"CODE_SIGN_IDENTITY[sdk=iphoneos*]" = "iPhone Developer";
				COPY_PHASE_STRIP = NO;
				DEBUG_INFORMATION_FORMAT = dwarf;
				ENABLE_STRICT_OBJC_MSGSEND = YES;
				ENABLE_TESTABILITY = YES;
				GCC_C_LANGUAGE_STANDARD = gnu99;
				GCC_DYNAMIC_NO_PIC = NO;
				GCC_NO_COMMON_BLOCKS = YES;
				GCC_OPTIMIZATION_LEVEL = 0;
				GCC_PREPROCESSOR_DEFINITIONS = (
					"DEBUG=1",
					"$(inherited)",
				);
				GCC_WARN_64_TO_32_BIT_CONVERSION = YES;
				GCC_WARN_ABOUT_RETURN_TYPE = YES_ERROR;
				GCC_WARN_UNDECLARED_SELECTOR = YES;
				GCC_WARN_UNINITIALIZED_AUTOS = YES_AGGRESSIVE;
				GCC_WARN_UNUSED_FUNCTION = YES;
				GCC_WARN_UNUSED_VARIABLE = YES;
				IPHONEOS_DEPLOYMENT_TARGET = 9.1;
				MTL_ENABLE_DEBUG_INFO = YES;
				ONLY_ACTIVE_ARCH = YES;
				SDKROOT = iphoneos;
				SWIFT_OPTIMIZATION_LEVEL = "-Onone";
			};
			name = Debug;
		};
		B24717181BE9BAC2001D3F07 /* Release */ = {
			isa = XCBuildConfiguration;
			buildSettings = {
				ALWAYS_SEARCH_USER_PATHS = NO;
				CLANG_CXX_LANGUAGE_STANDARD = "gnu++0x";
				CLANG_CXX_LIBRARY = "libc++";
				CLANG_ENABLE_MODULES = YES;
				CLANG_ENABLE_OBJC_ARC = YES;
				CLANG_WARN_BOOL_CONVERSION = YES;
				CLANG_WARN_CONSTANT_CONVERSION = YES;
				CLANG_WARN_DIRECT_OBJC_ISA_USAGE = YES_ERROR;
				CLANG_WARN_EMPTY_BODY = YES;
				CLANG_WARN_ENUM_CONVERSION = YES;
				CLANG_WARN_INT_CONVERSION = YES;
				CLANG_WARN_OBJC_ROOT_CLASS = YES_ERROR;
				CLANG_WARN_UNREACHABLE_CODE = YES;
				CLANG_WARN__DUPLICATE_METHOD_MATCH = YES;
				"CODE_SIGN_IDENTITY[sdk=iphoneos*]" = "iPhone Developer";
				COPY_PHASE_STRIP = NO;
				DEBUG_INFORMATION_FORMAT = "dwarf-with-dsym";
				ENABLE_NS_ASSERTIONS = NO;
				ENABLE_STRICT_OBJC_MSGSEND = YES;
				GCC_C_LANGUAGE_STANDARD = gnu99;
				GCC_NO_COMMON_BLOCKS = YES;
				GCC_WARN_64_TO_32_BIT_CONVERSION = YES;
				GCC_WARN_ABOUT_RETURN_TYPE = YES_ERROR;
				GCC_WARN_UNDECLARED_SELECTOR = YES;
				GCC_WARN_UNINITIALIZED_AUTOS = YES_AGGRESSIVE;
				GCC_WARN_UNUSED_FUNCTION = YES;
				GCC_WARN_UNUSED_VARIABLE = YES;
				IPHONEOS_DEPLOYMENT_TARGET = 9.1;
				MTL_ENABLE_DEBUG_INFO = NO;
				SDKROOT = iphoneos;
				VALIDATE_PRODUCT = YES;
			};
			name = Release;
		};
		B247171A1BE9BAC2001D3F07 /* Debug */ = {
			isa = XCBuildConfiguration;
			buildSettings = {
				ASSETCATALOG_COMPILER_APPICON_NAME = AppIcon;
				FRAMEWORK_SEARCH_PATHS = (
					"$(inherited)",
					"$(PROJECT_DIR)/project/parse-library-1",
				);
				INFOPLIST_FILE = project/Info.plist;
				LD_RUNPATH_SEARCH_PATHS = "$(inherited) @executable_path/Frameworks";
				PRODUCT_BUNDLE_IDENTIFIER = com.thanhcs.project;
				PRODUCT_NAME = "$(TARGET_NAME)";
			};
			name = Debug;
		};
		B247171B1BE9BAC2001D3F07 /* Release */ = {
			isa = XCBuildConfiguration;
			buildSettings = {
				ASSETCATALOG_COMPILER_APPICON_NAME = AppIcon;
				FRAMEWORK_SEARCH_PATHS = (
					"$(inherited)",
					"$(PROJECT_DIR)/project/parse-library-1",
				);
				INFOPLIST_FILE = project/Info.plist;
				LD_RUNPATH_SEARCH_PATHS = "$(inherited) @executable_path/Frameworks";
				PRODUCT_BUNDLE_IDENTIFIER = com.thanhcs.project;
				PRODUCT_NAME = "$(TARGET_NAME)";
			};
			name = Release;
		};
/* End XCBuildConfiguration section */

/* Begin XCConfigurationList section */
		B24716FF1BE9BAC2001D3F07 /* Build configuration list for PBXProject "project" */ = {
			isa = XCConfigurationList;
			buildConfigurations = (
				B24717171BE9BAC2001D3F07 /* Debug */,
				B24717181BE9BAC2001D3F07 /* Release */,
			);
			defaultConfigurationIsVisible = 0;
			defaultConfigurationName = Release;
		};
		B24717191BE9BAC2001D3F07 /* Build configuration list for PBXNativeTarget "project" */ = {
			isa = XCConfigurationList;
			buildConfigurations = (
				B247171A1BE9BAC2001D3F07 /* Debug */,
				B247171B1BE9BAC2001D3F07 /* Release */,
			);
			defaultConfigurationIsVisible = 0;
			defaultConfigurationName = Release;
		};
/* End XCConfigurationList section */

/* Begin XCVersionGroup section */
		B247170E1BE9BAC2001D3F07 /* project.xcdatamodeld */ = {
			isa = XCVersionGroup;
			children = (
				B247170F1BE9BAC2001D3F07 /* project.xcdatamodel */,
			);
			currentVersion = B247170F1BE9BAC2001D3F07 /* project.xcdatamodel */;
			path = project.xcdatamodeld;
			sourceTree = "<group>";
			versionGroupType = wrapper.xcdatamodel;
		};
/* End XCVersionGroup section */
	};
	rootObject = B24716FC1BE9BAC2001D3F07 /* Project object */;
}
